{
  "name": "spec-template",
  "version": "0.0.1",
  "lockfileVersion": 1,
  "requires": true,
  "dependencies": {
    "@furo/specs": {
      "version": "0.49.0",
      "resolved": "https://registry.npmjs.org/@furo/specs/-/specs-0.49.0.tgz",
      "integrity": "sha512-41eEmGh6POswfIgECmoW/uEJW3EegRf0RYB16FJRWNx3LaHiAZudzg2XcPiCytvQrrFXnKCgnJYSNaLHIeRLkA=="
    }
  }
}
